
Microsoft Visual Studio Solution File, Format Version 12.00
# Visual Studio Version 17
VisualStudioVersion = 17.1.32210.238
MinimumVisualStudioVersion = 10.0.40219.1
Project("{FAE04EC0-301F-11D3-BF4B-00C04F79EFBC}") = "Instagram.Api", "Instagram.Api\Instagram.Api.csproj", "{F37FED7C-7C90-4543-ADFD-6D83A12F84A2}"
EndProject
Project("{FAE04EC0-301F-11D3-BF4B-00C04F79EFBC}") = "Instagram.Domain", "Instagram.Domain\Instagram.Domain.csproj", "{18224B91-64A2-4A02-B04B-211793680AC2}"
EndProject
Project("{FAE04EC0-301F-11D3-BF4B-00C04F79EFBC}") = "Instagram.Data", "Instagram.Data\Instagram.Data.csproj", "{094200E2-8987-4E08-9FC0-C0AFC10D2C3B}"
EndProject
Project("{FAE04EC0-301F-11D3-BF4B-00C04F79EFBC}") = "Instagram.Service", "Instagram.Service\Instagram.Service.csproj", "{574E8193-BD2F-4916-A9DE-FB79C6726A37}"
EndProject
Global
	GlobalSection(SolutionConfigurationPlatforms) = preSolution
		Debug|Any CPU = Debug|Any CPU
		Release|Any CPU = Release|Any CPU
	EndGlobalSection
	GlobalSection(ProjectConfigurationPlatforms) = postSolution
		{F37FED7C-7C90-4543-ADFD-6D83A12F84A2}.Debug|Any CPU.ActiveCfg = Debug|Any CPU
		{F37FED7C-7C90-4543-ADFD-6D83A12F84A2}.Debug|Any CPU.Build.0 = Debug|Any CPU
		{F37FED7C-7C90-4543-ADFD-6D83A12F84A2}.Release|Any CPU.ActiveCfg = Release|Any CPU
		{F37FED7C-7C90-4543-ADFD-6D83A12F84A2}.Release|Any CPU.Build.0 = Release|Any CPU
		{18224B91-64A2-4A02-B04B-211793680AC2}.Debug|Any CPU.ActiveCfg = Debug|Any CPU
		{18224B91-64A2-4A02-B04B-211793680AC2}.Debug|Any CPU.Build.0 = Debug|Any CPU
		{18224B91-64A2-4A02-B04B-211793680AC2}.Release|Any CPU.ActiveCfg = Release|Any CPU
		{18224B91-64A2-4A02-B04B-211793680AC2}.Release|Any CPU.Build.0 = Release|Any CPU
		{094200E2-8987-4E08-9FC0-C0AFC10D2C3B}.Debug|Any CPU.ActiveCfg = Debug|Any CPU
		{094200E2-8987-4E08-9FC0-C0AFC10D2C3B}.Debug|Any CPU.Build.0 = Debug|Any CPU
		{094200E2-8987-4E08-9FC0-C0AFC10D2C3B}.Release|Any CPU.ActiveCfg = Release|Any CPU
		{094200E2-8987-4E08-9FC0-C0AFC10D2C3B}.Release|Any CPU.Build.0 = Release|Any CPU
		{574E8193-BD2F-4916-A9DE-FB79C6726A37}.Debug|Any CPU.ActiveCfg = Debug|Any CPU
		{574E8193-BD2F-4916-A9DE-FB79C6726A37}.Debug|Any CPU.Build.0 = Debug|Any CPU
		{574E8193-BD2F-4916-A9DE-FB79C6726A37}.Release|Any CPU.ActiveCfg = Release|Any CPU
		{574E8193-BD2F-4916-A9DE-FB79C6726A37}.Release|Any CPU.Build.0 = Release|Any CPU
	EndGlobalSection
	GlobalSection(SolutionProperties) = preSolution
		HideSolutionNode = FALSE
	EndGlobalSection
	GlobalSection(ExtensibilityGlobals) = postSolution
		SolutionGuid = {610CDC96-439E-4C02-AA43-37FD4C4EF237}
	EndGlobalSection
EndGlobal
